
Microsoft Visual Studio Solution File, Format Version 12.00
# Visual Studio Version 17
VisualStudioVersion = 17.0.31912.275
MinimumVisualStudioVersion = 10.0.40219.1
Project("{FAE04EC0-301F-11D3-BF4B-00C04F79EFBC}") = "ProductApi", "ProductApi.csproj", "{4FBD286B-FC14-491C-BE25-38C8F2FD263B}"
EndProject
Project("{FAE04EC0-301F-11D3-BF4B-00C04F79EFBC}") = "OrderApi", "..\OrderApi\OrderApi.csproj", "{24A3FCE7-DE0A-481C-9B72-E03711663BAF}"
EndProject
Global
	GlobalSection(SolutionConfigurationPlatforms) = preSolution
		Debug|Any CPU = Debug|Any CPU
		Release|Any CPU = Release|Any CPU
	EndGlobalSection
	GlobalSection(ProjectConfigurationPlatforms) = postSolution
		{4FBD286B-FC14-491C-BE25-38C8F2FD263B}.Debug|Any CPU.ActiveCfg = Debug|Any CPU
		{4FBD286B-FC14-491C-BE25-38C8F2FD263B}.Debug|Any CPU.Build.0 = Debug|Any CPU
		{4FBD286B-FC14-491C-BE25-38C8F2FD263B}.Release|Any CPU.ActiveCfg = Release|Any CPU
		{4FBD286B-FC14-491C-BE25-38C8F2FD263B}.Release|Any CPU.Build.0 = Release|Any CPU
		{24A3FCE7-DE0A-481C-9B72-E03711663BAF}.Debug|Any CPU.ActiveCfg = Debug|Any CPU
		{24A3FCE7-DE0A-481C-9B72-E03711663BAF}.Debug|Any CPU.Build.0 = Debug|Any CPU
		{24A3FCE7-DE0A-481C-9B72-E03711663BAF}.Release|Any CPU.ActiveCfg = Release|Any CPU
		{24A3FCE7-DE0A-481C-9B72-E03711663BAF}.Release|Any CPU.Build.0 = Release|Any CPU
	EndGlobalSection
	GlobalSection(SolutionProperties) = preSolution
		HideSolutionNode = FALSE
	EndGlobalSection
	GlobalSection(ExtensibilityGlobals) = postSolution
		SolutionGuid = {FBF66566-8088-4428-BB65-56DF618E7A1A}
	EndGlobalSection
EndGlobal
